{
  "name": "murcie-web-app",
  "version": "1.0.0",
  "lockfileVersion": 3,
  "requires": true,
  "packages": {
    "": {
      "name": "murcie-web-app",
      "version": "1.0.0",
      "license": "ISC",
      "dependencies": {
        "@fingerprintjs/fingerprintjs-pro": "^3.8.5"
      }
    },
    "node_modules/@fingerprintjs/fingerprintjs-pro": {
      "version": "3.8.5",
      "resolved": "https://registry.npmjs.org/@fingerprintjs/fingerprintjs-pro/-/fingerprintjs-pro-3.8.5.tgz",
      "integrity": "sha512-07bkz/BrQYIHh0FIQ8rMKx62IKu+gkZrUzNsoT1fLwYfnM0uk+s+XQXLeaDXGMGpHgkZSP4nPMAn+nkRfWy6ww==",
      "dependencies": {
        "tslib": "^2.4.1"
      }
    },
    "node_modules/tslib": {
      "version": "2.6.2",
      "resolved": "https://registry.npmjs.org/tslib/-/tslib-2.6.2.tgz",
      "integrity": "sha512-AEYxH93jGFPn/a2iVAwW87VuUIkR1FVUKB77NwMF7nBTDkDrrT/Hpt/IrCJ0QXhW27jTBDcf5ZY7w6RiqTMw2Q=="
    }
  }
}
